
Microsoft Visual Studio Solution File, Format Version 12.00
# Visual Studio Version 17
VisualStudioVersion = 17.10.34928.147
MinimumVisualStudioVersion = 10.0.40219.1
Project("{FAE04EC0-301F-11D3-BF4B-00C04F79EFBC}") = "CrossPlatformLabs", "CrossPlatformLabs\CrossPlatformLabs.csproj", "{C0F2C980-ABE1-442B-BA37-142F4638A53E}"
EndProject
Project("{FAE04EC0-301F-11D3-BF4B-00C04F79EFBC}") = "CrossPlatformLabs.Tests", "CrossPlatformLabs.Tests\CrossPlatformLabs.Tests.csproj", "{E96B4CBE-8180-4F5D-80AD-E27EB1FF5E2E}"
EndProject
Global
	GlobalSection(SolutionConfigurationPlatforms) = preSolution
		Debug|Any CPU = Debug|Any CPU
		Release|Any CPU = Release|Any CPU
	EndGlobalSection
	GlobalSection(ProjectConfigurationPlatforms) = postSolution
		{C0F2C980-ABE1-442B-BA37-142F4638A53E}.Debug|Any CPU.ActiveCfg = Debug|Any CPU
		{C0F2C980-ABE1-442B-BA37-142F4638A53E}.Debug|Any CPU.Build.0 = Debug|Any CPU
		{C0F2C980-ABE1-442B-BA37-142F4638A53E}.Release|Any CPU.ActiveCfg = Release|Any CPU
		{C0F2C980-ABE1-442B-BA37-142F4638A53E}.Release|Any CPU.Build.0 = Release|Any CPU
		{E96B4CBE-8180-4F5D-80AD-E27EB1FF5E2E}.Debug|Any CPU.ActiveCfg = Debug|Any CPU
		{E96B4CBE-8180-4F5D-80AD-E27EB1FF5E2E}.Debug|Any CPU.Build.0 = Debug|Any CPU
		{E96B4CBE-8180-4F5D-80AD-E27EB1FF5E2E}.Release|Any CPU.ActiveCfg = Release|Any CPU
		{E96B4CBE-8180-4F5D-80AD-E27EB1FF5E2E}.Release|Any CPU.Build.0 = Release|Any CPU
	EndGlobalSection
	GlobalSection(SolutionProperties) = preSolution
		HideSolutionNode = FALSE
	EndGlobalSection
	GlobalSection(ExtensibilityGlobals) = postSolution
		SolutionGuid = {CB352B91-9750-463A-BF2F-F9F9C6D4C58D}
	EndGlobalSection
EndGlobal
