
Microsoft Visual Studio Solution File, Format Version 12.00
# Visual Studio Version 17
VisualStudioVersion = 17.10.34928.147
MinimumVisualStudioVersion = 10.0.40219.1
Project("{9A19103F-16F7-4668-BE54-9A1E7A4F7556}") = "Lab2", "Lab2\Lab2.csproj", "{A80E9A8D-D9B7-4832-B42C-D51A9D040346}"
EndProject
Project("{9A19103F-16F7-4668-BE54-9A1E7A4F7556}") = "Lab1", "Lab1\Lab1.csproj", "{F5050409-16AB-4058-838D-D795AAB49778}"
EndProject
Project("{9A19103F-16F7-4668-BE54-9A1E7A4F7556}") = "Lab1.Test", "Lab1.Test\Lab1.Test.csproj", "{F9082FBC-E8DF-45A7-8E43-666C6F2F8CDB}"
EndProject
Project("{9A19103F-16F7-4668-BE54-9A1E7A4F7556}") = "Lab2.Test", "Lab2.Test\Lab2.Test.csproj", "{40DF0E92-5AB0-4D98-9C93-A9BDEC659FDC}"
EndProject
Project("{9A19103F-16F7-4668-BE54-9A1E7A4F7556}") = "Lab3", "Lab3\Lab3.csproj", "{09E5EB50-5436-4468-902E-021B843CFB25}"
EndProject
Project("{9A19103F-16F7-4668-BE54-9A1E7A4F7556}") = "Lab3.Test", "Lab3.Test\Lab3.Test.csproj", "{F36D2221-E2A5-4F3A-A3BC-02783D780331}"
EndProject
Project("{FAE04EC0-301F-11D3-BF4B-00C04F79EFBC}") = "Lab4", "Lab4\Lab4.csproj", "{91C854C2-CFF6-4BFE-AB11-D54E9D79A27B}"
EndProject
Project("{FAE04EC0-301F-11D3-BF4B-00C04F79EFBC}") = "Lab5", "Lab5\Lab5.csproj", "{B0BF7991-4034-4764-A41E-961632CDDBBA}"
EndProject
Project("{FAE04EC0-301F-11D3-BF4B-00C04F79EFBC}") = "LabLibrary", "LabLibrary\LabLibrary.csproj", "{1F599FB8-1097-4CB7-9F57-1D022C54313A}"
EndProject
Project("{FAE04EC0-301F-11D3-BF4B-00C04F79EFBC}") = "Lab6", "Lab6\Lab6.csproj", "{8BC05C9B-8AD9-41FE-A43E-818829EE67D3}"
EndProject
Global
	GlobalSection(SolutionConfigurationPlatforms) = preSolution
		Debug|Any CPU = Debug|Any CPU
		Release|Any CPU = Release|Any CPU
	EndGlobalSection
	GlobalSection(ProjectConfigurationPlatforms) = postSolution
		{A80E9A8D-D9B7-4832-B42C-D51A9D040346}.Debug|Any CPU.ActiveCfg = Debug|Any CPU
		{A80E9A8D-D9B7-4832-B42C-D51A9D040346}.Debug|Any CPU.Build.0 = Debug|Any CPU
		{A80E9A8D-D9B7-4832-B42C-D51A9D040346}.Release|Any CPU.ActiveCfg = Release|Any CPU
		{A80E9A8D-D9B7-4832-B42C-D51A9D040346}.Release|Any CPU.Build.0 = Release|Any CPU
		{F5050409-16AB-4058-838D-D795AAB49778}.Debug|Any CPU.ActiveCfg = Debug|Any CPU
		{F5050409-16AB-4058-838D-D795AAB49778}.Debug|Any CPU.Build.0 = Debug|Any CPU
		{F5050409-16AB-4058-838D-D795AAB49778}.Release|Any CPU.ActiveCfg = Release|Any CPU
		{F5050409-16AB-4058-838D-D795AAB49778}.Release|Any CPU.Build.0 = Release|Any CPU
		{F9082FBC-E8DF-45A7-8E43-666C6F2F8CDB}.Debug|Any CPU.ActiveCfg = Debug|Any CPU
		{F9082FBC-E8DF-45A7-8E43-666C6F2F8CDB}.Debug|Any CPU.Build.0 = Debug|Any CPU
		{F9082FBC-E8DF-45A7-8E43-666C6F2F8CDB}.Release|Any CPU.ActiveCfg = Release|Any CPU
		{F9082FBC-E8DF-45A7-8E43-666C6F2F8CDB}.Release|Any CPU.Build.0 = Release|Any CPU
		{40DF0E92-5AB0-4D98-9C93-A9BDEC659FDC}.Debug|Any CPU.ActiveCfg = Debug|Any CPU
		{40DF0E92-5AB0-4D98-9C93-A9BDEC659FDC}.Debug|Any CPU.Build.0 = Debug|Any CPU
		{40DF0E92-5AB0-4D98-9C93-A9BDEC659FDC}.Release|Any CPU.ActiveCfg = Release|Any CPU
		{40DF0E92-5AB0-4D98-9C93-A9BDEC659FDC}.Release|Any CPU.Build.0 = Release|Any CPU
		{09E5EB50-5436-4468-902E-021B843CFB25}.Debug|Any CPU.ActiveCfg = Debug|Any CPU
		{09E5EB50-5436-4468-902E-021B843CFB25}.Debug|Any CPU.Build.0 = Debug|Any CPU
		{09E5EB50-5436-4468-902E-021B843CFB25}.Release|Any CPU.ActiveCfg = Release|Any CPU
		{09E5EB50-5436-4468-902E-021B843CFB25}.Release|Any CPU.Build.0 = Release|Any CPU
		{F36D2221-E2A5-4F3A-A3BC-02783D780331}.Debug|Any CPU.ActiveCfg = Debug|Any CPU
		{F36D2221-E2A5-4F3A-A3BC-02783D780331}.Debug|Any CPU.Build.0 = Debug|Any CPU
		{F36D2221-E2A5-4F3A-A3BC-02783D780331}.Release|Any CPU.ActiveCfg = Release|Any CPU
		{F36D2221-E2A5-4F3A-A3BC-02783D780331}.Release|Any CPU.Build.0 = Release|Any CPU
		{91C854C2-CFF6-4BFE-AB11-D54E9D79A27B}.Debug|Any CPU.ActiveCfg = Debug|Any CPU
		{91C854C2-CFF6-4BFE-AB11-D54E9D79A27B}.Debug|Any CPU.Build.0 = Debug|Any CPU
		{91C854C2-CFF6-4BFE-AB11-D54E9D79A27B}.Release|Any CPU.ActiveCfg = Release|Any CPU
		{91C854C2-CFF6-4BFE-AB11-D54E9D79A27B}.Release|Any CPU.Build.0 = Release|Any CPU
		{B0BF7991-4034-4764-A41E-961632CDDBBA}.Debug|Any CPU.ActiveCfg = Debug|Any CPU
		{B0BF7991-4034-4764-A41E-961632CDDBBA}.Debug|Any CPU.Build.0 = Debug|Any CPU
		{B0BF7991-4034-4764-A41E-961632CDDBBA}.Release|Any CPU.ActiveCfg = Release|Any CPU
		{B0BF7991-4034-4764-A41E-961632CDDBBA}.Release|Any CPU.Build.0 = Release|Any CPU
		{1F599FB8-1097-4CB7-9F57-1D022C54313A}.Debug|Any CPU.ActiveCfg = Debug|Any CPU
		{1F599FB8-1097-4CB7-9F57-1D022C54313A}.Debug|Any CPU.Build.0 = Debug|Any CPU
		{1F599FB8-1097-4CB7-9F57-1D022C54313A}.Release|Any CPU.ActiveCfg = Release|Any CPU
		{1F599FB8-1097-4CB7-9F57-1D022C54313A}.Release|Any CPU.Build.0 = Release|Any CPU
		{8BC05C9B-8AD9-41FE-A43E-818829EE67D3}.Debug|Any CPU.ActiveCfg = Debug|Any CPU
		{8BC05C9B-8AD9-41FE-A43E-818829EE67D3}.Debug|Any CPU.Build.0 = Debug|Any CPU
		{8BC05C9B-8AD9-41FE-A43E-818829EE67D3}.Release|Any CPU.ActiveCfg = Release|Any CPU
		{8BC05C9B-8AD9-41FE-A43E-818829EE67D3}.Release|Any CPU.Build.0 = Release|Any CPU
	EndGlobalSection
	GlobalSection(SolutionProperties) = preSolution
		HideSolutionNode = FALSE
	EndGlobalSection
	GlobalSection(ExtensibilityGlobals) = postSolution
		SolutionGuid = {CB352B91-9750-463A-BF2F-F9F9C6D4C58D}
	EndGlobalSection
EndGlobal
